
Microsoft Visual Studio Solution File, Format Version 12.00
# Visual Studio Version 17
VisualStudioVersion = 17.9.34728.123
MinimumVisualStudioVersion = 10.0.40219.1
Project("{FAE04EC0-301F-11D3-BF4B-00C04F79EFBC}") = "QLDT_WPF", "QLDT_WPF\QLDT_WPF.csproj", "{2FBD5231-CD26-4B69-9C24-3433FC2A40CE}"
EndProject
Global
	GlobalSection(SolutionConfigurationPlatforms) = preSolution
		Debug|Any CPU = Debug|Any CPU
		Release|Any CPU = Release|Any CPU
	EndGlobalSection
	GlobalSection(ProjectConfigurationPlatforms) = postSolution
		{2FBD5231-CD26-4B69-9C24-3433FC2A40CE}.Debug|Any CPU.ActiveCfg = Debug|Any CPU
		{2FBD5231-CD26-4B69-9C24-3433FC2A40CE}.Debug|Any CPU.Build.0 = Debug|Any CPU
		{2FBD5231-CD26-4B69-9C24-3433FC2A40CE}.Release|Any CPU.ActiveCfg = Release|Any CPU
		{2FBD5231-CD26-4B69-9C24-3433FC2A40CE}.Release|Any CPU.Build.0 = Release|Any CPU
	EndGlobalSection
	GlobalSection(SolutionProperties) = preSolution
		HideSolutionNode = FALSE
	EndGlobalSection
	GlobalSection(ExtensibilityGlobals) = postSolution
		SolutionGuid = {3C920E2B-85CA-4788-90D8-7739E4A9FF0D}
	EndGlobalSection
EndGlobal
